{
  "object": {
    "pins": [
      {
        "package": "AEXML",
        "repositoryURL": "https://github.com/tadija/AEXML",
        "state": {
          "branch": null,
          "revision": "e4d517844dd03dac557e35d77a8e9ab438de91a6",
          "version": "4.4.0"
        }
      },
      {
        "package": "Spectre",
        "repositoryURL": "https://github.com/kylef/Spectre.git",
        "state": {
          "branch": null,
          "revision": "f14ff47f45642aa5703900980b014c2e9394b6e5",
          "version": "0.9.0"
        }
      },
      {
        "package": "Stencil",
        "repositoryURL": "https://github.com/artemnovichkov/Stencil.git",
        "state": {
          "branch": "master",
          "revision": "f7a57b628f158886c83a71c2136a6ba9e5b06380",
          "version": null
        }
      },
      {
        "package": "StencilSwiftKit",
        "repositoryURL": "https://github.com/artemnovichkov/StencilSwiftKit.git",
        "state": {
          "branch": "stable",
          "revision": "8a45643e0f6219c3ddb73c956c3cdad32f55d835",
          "version": null
        }
      },
      {
        "package": "swift-argument-parser",
        "repositoryURL": "https://github.com/apple/swift-argument-parser.git",
        "state": {
          "branch": null,
          "revision": "3d79b2b5a2e5af52c14e462044702ea7728f5770",
          "version": "0.1.0"
        }
      },
      {
        "package": "XcodeProj",
        "repositoryURL": "https://github.com/tuist/XcodeProj.git",
        "state": {
          "branch": null,
          "revision": "cc9f600f2c34e782eb4fec99d6106bda5bade7be",
          "version": "7.12.0"
        }
      },
      {
        "package": "XcodeProjCExt",
        "repositoryURL": "https://github.com/tuist/XcodeProjCExt",
        "state": {
          "branch": null,
          "revision": "21a510c225ff2bc83d5920a21d902af4b1e7e218",
          "version": "0.1.0"
        }
      },
      {
        "package": "Yams",
        "repositoryURL": "https://github.com/jpsim/Yams.git",
        "state": {
          "branch": null,
          "revision": "6652aa7b793d3c8a075db0614acb575fcaecf457",
          "version": "0.7.0"
        }
      },
      {
        "package": "ZIPFoundation",
        "repositoryURL": "https://github.com/weichsel/ZIPFoundation.git",
        "state": {
          "branch": null,
          "revision": "ec32d62d412578542c0ffb7a6ce34d3e64b43b94",
          "version": "0.9.11"
        }
      }
    ]
  },
  "version": 1
}
